
Microsoft Visual Studio Solution File, Format Version 12.00
# Visual Studio Version 17
VisualStudioVersion = 17.3.32929.385
MinimumVisualStudioVersion = 10.0.40219.1
Project("{FAE04EC0-301F-11D3-BF4B-00C04F79EFBC}") = "TestPlantUMLCreator", "TestPlantUMLCreator\TestPlantUMLCreator.csproj", "{9106CD53-3664-43C4-BBD0-4854B9A7C09D}"
EndProject
Global
	GlobalSection(SolutionConfigurationPlatforms) = preSolution
		Debug|Any CPU = Debug|Any CPU
		Release|Any CPU = Release|Any CPU
	EndGlobalSection
	GlobalSection(ProjectConfigurationPlatforms) = postSolution
		{9106CD53-3664-43C4-BBD0-4854B9A7C09D}.Debug|Any CPU.ActiveCfg = Debug|Any CPU
		{9106CD53-3664-43C4-BBD0-4854B9A7C09D}.Debug|Any CPU.Build.0 = Debug|Any CPU
		{9106CD53-3664-43C4-BBD0-4854B9A7C09D}.Release|Any CPU.ActiveCfg = Release|Any CPU
		{9106CD53-3664-43C4-BBD0-4854B9A7C09D}.Release|Any CPU.Build.0 = Release|Any CPU
	EndGlobalSection
	GlobalSection(SolutionProperties) = preSolution
		HideSolutionNode = FALSE
	EndGlobalSection
	GlobalSection(ExtensibilityGlobals) = postSolution
		SolutionGuid = {D778FD8C-9BCD-4837-AEC2-3027A050CFE1}
	EndGlobalSection
EndGlobal
